# generated by rye
# use `rye lock` or `rye sync` to update this lockfile
#
# last locked with the following flags:
#   pre: false
#   features: []
#   all-features: false

-e file:.
cairocffi==1.6.1
cairosvg==2.7.1
cffi==1.15.1
cssselect2==0.7.0
defusedxml==0.7.1
iniconfig==2.0.0
packaging==23.1
pillow==10.0.0
pluggy==1.2.0
pycparser==2.21
pytest==7.4.0
shapely==1.8.5.post1
svgwrite==1.4.3
tinycss2==1.2.1
webencodings==0.5.1
